{
  "nodes": {
    "emacs": {
      "locked": {
        "lastModified": 1650801016,
        "narHash": "sha256-3fsEcEs14E/ZFXB4KLy5xicwTeOxW9EBlKn3amc/18s=",
        "owner": "nix-community",
        "repo": "emacs-overlay",
        "rev": "d50f841db7b856d79fcfc1a71582dfb5ee1a5830",
        "type": "github"
      },
      "original": {
        "owner": "nix-community",
        "repo": "emacs-overlay",
        "type": "github"
      }
    },
    "fenix": {
      "inputs": {
        "nixpkgs": "nixpkgs",
        "rust-analyzer-src": "rust-analyzer-src"
      },
      "locked": {
        "lastModified": 1650781596,
        "narHash": "sha256-4P9nvrHBq6ttGOf8G903MSvI7Sv6DDceSvQrLMUdthI=",
        "owner": "nix-community",
        "repo": "fenix",
        "rev": "ee93910033cfaec7286938e89874ce4ea83aed69",
        "type": "github"
      },
      "original": {
        "owner": "nix-community",
        "repo": "fenix",
        "type": "github"
      }
    },
    "flake-compat": {
      "flake": false,
      "locked": {
        "lastModified": 1648199409,
        "narHash": "sha256-JwPKdC2PoVBkG6E+eWw3j6BMR6sL3COpYWfif7RVb8Y=",
        "owner": "edolstra",
        "repo": "flake-compat",
        "rev": "64a525ee38886ab9028e6f61790de0832aa3ef03",
        "type": "github"
      },
      "original": {
        "owner": "edolstra",
        "repo": "flake-compat",
        "type": "github"
      }
    },
    "flake-utils": {
      "locked": {
        "lastModified": 1644229661,
        "narHash": "sha256-1YdnJAsNy69bpcjuoKdOYQX0YxZBiCYZo4Twxerqv7k=",
        "owner": "numtide",
        "repo": "flake-utils",
        "rev": "3cecb5b042f7f209c56ffd8371b2711a290ec797",
        "type": "github"
      },
      "original": {
        "owner": "numtide",
        "repo": "flake-utils",
        "type": "github"
      }
    },
    "flake-utils_2": {
      "locked": {
        "lastModified": 1644229661,
        "narHash": "sha256-1YdnJAsNy69bpcjuoKdOYQX0YxZBiCYZo4Twxerqv7k=",
        "owner": "numtide",
        "repo": "flake-utils",
        "rev": "3cecb5b042f7f209c56ffd8371b2711a290ec797",
        "type": "github"
      },
      "original": {
        "owner": "numtide",
        "repo": "flake-utils",
        "type": "github"
      }
    },
    "flake-utils_3": {
      "locked": {
        "lastModified": 1649676176,
        "narHash": "sha256-OWKJratjt2RW151VUlJPRALb7OU2S5s+f0vLj4o1bHM=",
        "owner": "numtide",
        "repo": "flake-utils",
        "rev": "a4b154ebbdc88c8498a5c7b01589addc9e9cb678",
        "type": "github"
      },
      "original": {
        "owner": "numtide",
        "repo": "flake-utils",
        "type": "github"
      }
    },
    "home": {
      "inputs": {
        "nixpkgs": "nixpkgs_2"
      },
      "locked": {
        "lastModified": 1649887911,
        "narHash": "sha256-Af0Ppb1RZ7HWuxUvF0/O7h3cy8tqU2eKFyVwyA1ZD+w=",
        "owner": "nix-community",
        "repo": "home-manager",
        "rev": "7244c6715cb8f741f3b3e1220a9279e97b2ed8f5",
        "type": "github"
      },
      "original": {
        "owner": "nix-community",
        "ref": "release-21.11",
        "repo": "home-manager",
        "type": "github"
      }
    },
    "neovim": {
      "inputs": {
        "flake-utils": "flake-utils",
        "nixpkgs": "nixpkgs_3"
      },
      "locked": {
        "dir": "contrib",
        "lastModified": 1650810114,
        "narHash": "sha256-wrRjhsNut0dfdDRtmxMncnR8GbnYAVxOU59dfiOTFWA=",
        "owner": "neovim",
        "repo": "neovim",
        "rev": "2caf5bbbc58fcc9830cd3f8a6110b66040c6e660",
        "type": "github"
      },
      "original": {
        "dir": "contrib",
        "owner": "neovim",
        "repo": "neovim",
        "type": "github"
      }
    },
    "nixpkgs": {
      "locked": {
        "lastModified": 1650701402,
        "narHash": "sha256-XKfstdtqDg+O+gNBx1yGVKWIhLgfEDg/e2lvJSsp9vU=",
        "owner": "nixos",
        "repo": "nixpkgs",
        "rev": "bc41b01dd7a9fdffd32d9b03806798797532a5fe",
        "type": "github"
      },
      "original": {
        "owner": "nixos",
        "ref": "nixos-unstable",
        "repo": "nixpkgs",
        "type": "github"
      }
    },
    "nixpkgs_2": {
      "locked": {
        "lastModified": 1650726686,
        "narHash": "sha256-hE5PCqQlsdgWH3AUTwesvjZWs5ZUZ8SjMS5cnFB6W54=",
        "owner": "NixOS",
        "repo": "nixpkgs",
        "rev": "3c0f57e36ed0cf9947281e3b31f1bebb7ce5d4a1",
        "type": "github"
      },
      "original": {
        "id": "nixpkgs",
        "type": "indirect"
      }
    },
    "nixpkgs_3": {
      "locked": {
        "lastModified": 1646254136,
        "narHash": "sha256-8nQx02tTzgYO21BP/dy5BCRopE8OwE8Drsw98j+Qoaw=",
        "owner": "nixos",
        "repo": "nixpkgs",
        "rev": "3e072546ea98db00c2364b81491b893673267827",
        "type": "github"
      },
      "original": {
        "owner": "nixos",
        "ref": "nixos-unstable",
        "repo": "nixpkgs",
        "type": "github"
      }
    },
    "nixpkgs_4": {
      "locked": {
        "lastModified": 1650728030,
        "narHash": "sha256-VfCYsC/0mZQlQqsXf5o5Cib1ncJQ5l7WHN7hEIMmZNw=",
        "owner": "nixos",
        "repo": "nixpkgs",
        "rev": "5fb3a179605141bfa4c9c423f9b1c33658b059c8",
        "type": "github"
      },
      "original": {
        "owner": "nixos",
        "ref": "nixos-21.11",
        "repo": "nixpkgs",
        "type": "github"
      }
    },
    "nixpkgs_5": {
      "locked": {
        "lastModified": 1649944829,
        "narHash": "sha256-wjOgLfjCdyoRamMOrVJceeDJk4LvJsQOxBoT3k16/7Q=",
        "owner": "NixOS",
        "repo": "nixpkgs",
        "rev": "2f06b87f64bc06229e05045853e0876666e1b023",
        "type": "github"
      },
      "original": {
        "id": "nixpkgs",
        "ref": "nixos-21.11",
        "type": "indirect"
      }
    },
    "nur": {
      "locked": {
        "lastModified": 1650809649,
        "narHash": "sha256-Y/vm8Y/0dvRJ2wEAKsIvXjAod7b3qUBPwvMfxjAcujk=",
        "owner": "nix-community",
        "repo": "NUR",
        "rev": "be88ed56fddb16ee028e3c40582a3faebf0b5535",
        "type": "github"
      },
      "original": {
        "owner": "nix-community",
        "repo": "NUR",
        "type": "github"
      }
    },
    "root": {
      "inputs": {
        "emacs": "emacs",
        "fenix": "fenix",
        "home": "home",
        "neovim": "neovim",
        "nixpkgs": "nixpkgs_4",
        "nur": "nur",
        "unstable": "unstable",
        "utils": "utils",
        "wsl": "wsl"
      }
    },
    "rust-analyzer-src": {
      "flake": false,
      "locked": {
        "lastModified": 1650724655,
        "narHash": "sha256-5H+lFs1YKAQI0n4Hkz1gIAU2cxaM0ZbxLGI5G+6M4is=",
        "owner": "rust-analyzer",
        "repo": "rust-analyzer",
        "rev": "c61bb6be8c3f45c15a24a26413a665c6c8f63f5c",
        "type": "github"
      },
      "original": {
        "owner": "rust-analyzer",
        "ref": "nightly",
        "repo": "rust-analyzer",
        "type": "github"
      }
    },
    "unstable": {
      "locked": {
        "lastModified": 1650701402,
        "narHash": "sha256-XKfstdtqDg+O+gNBx1yGVKWIhLgfEDg/e2lvJSsp9vU=",
        "owner": "nixos",
        "repo": "nixpkgs",
        "rev": "bc41b01dd7a9fdffd32d9b03806798797532a5fe",
        "type": "github"
      },
      "original": {
        "owner": "nixos",
        "ref": "nixos-unstable",
        "repo": "nixpkgs",
        "type": "github"
      }
    },
    "utils": {
      "inputs": {
        "flake-utils": "flake-utils_2"
      },
      "locked": {
        "lastModified": 1647259887,
        "narHash": "sha256-yEkMbEHVO9qydluQ3uHGWX1PkfZhgDKxnd1rhZYZ72w=",
        "owner": "gytis-ivaskevicius",
        "repo": "flake-utils-plus",
        "rev": "06dba5f3b4fa2cc0bfc98ce9cd6f9a4d8db11d46",
        "type": "github"
      },
      "original": {
        "owner": "gytis-ivaskevicius",
        "repo": "flake-utils-plus",
        "type": "github"
      }
    },
    "wsl": {
      "inputs": {
        "flake-compat": "flake-compat",
        "flake-utils": "flake-utils_3",
        "nixpkgs": "nixpkgs_5"
      },
      "locked": {
        "lastModified": 1650629047,
        "narHash": "sha256-IwiKbzXTzodPKMHm5qTizGoMVjipevbliraFmnrdsqU=",
        "owner": "nix-community",
        "repo": "NixOS-WSL",
        "rev": "69783cf56b2ada7e0e8cc8d17907a346e8bd97b7",
        "type": "github"
      },
      "original": {
        "owner": "nix-community",
        "repo": "NixOS-WSL",
        "type": "github"
      }
    }
  },
  "root": "root",
  "version": 7
}
